
Microsoft Visual Studio Solution File, Format Version 12.00
# Visual Studio Version 16
VisualStudioVersion = 16.0.31727.386
MinimumVisualStudioVersion = 10.0.40219.1
Project("{FAE04EC0-301F-11D3-BF4B-00C04F79EFBC}") = "Lab_02", "Lab_02\Lab_02.csproj", "{9F4BEB06-B445-4EED-B983-C386F3E6CFD9}"
EndProject
Global
	GlobalSection(SolutionConfigurationPlatforms) = preSolution
		Debug|Any CPU = Debug|Any CPU
		Release|Any CPU = Release|Any CPU
	EndGlobalSection
	GlobalSection(ProjectConfigurationPlatforms) = postSolution
		{9F4BEB06-B445-4EED-B983-C386F3E6CFD9}.Debug|Any CPU.ActiveCfg = Debug|Any CPU
		{9F4BEB06-B445-4EED-B983-C386F3E6CFD9}.Debug|Any CPU.Build.0 = Debug|Any CPU
		{9F4BEB06-B445-4EED-B983-C386F3E6CFD9}.Release|Any CPU.ActiveCfg = Release|Any CPU
		{9F4BEB06-B445-4EED-B983-C386F3E6CFD9}.Release|Any CPU.Build.0 = Release|Any CPU
	EndGlobalSection
	GlobalSection(SolutionProperties) = preSolution
		HideSolutionNode = FALSE
	EndGlobalSection
	GlobalSection(ExtensibilityGlobals) = postSolution
		SolutionGuid = {599D031C-EE1A-4F4A-AA33-7DE3713F1635}
	EndGlobalSection
EndGlobal
